{
  "version": 4,
  "terraform_version": "1.9.8",
  "serial": 29,
  "lineage": "1c04e47b-f26e-7e16-41b0-c29addf4375e",
  "outputs": {},
  "resources": [
    {
      "mode": "managed",
      "type": "google_compute_firewall",
      "name": "allow_all",
      "provider": "provider[\"registry.terraform.io/hashicorp/google\"]",
      "instances": [
        {
          "schema_version": 1,
          "attributes": {
            "allow": [
              {
                "ports": [
                  "0-49151"
                ],
                "protocol": "tcp"
              }
            ],
            "creation_timestamp": "2025-01-03T00:25:20.014-08:00",
            "deny": [],
            "description": "",
            "destination_ranges": [],
            "direction": "INGRESS",
            "disabled": false,
            "enable_logging": null,
            "id": "projects/principal-truck-439009-a1/global/firewalls/allow-all",
            "log_config": [],
            "name": "allow-all",
            "network": "https://www.googleapis.com/compute/v1/projects/principal-truck-439009-a1/global/networks/default",
            "priority": 1000,
            "project": "principal-truck-439009-a1",
            "self_link": "https://www.googleapis.com/compute/v1/projects/principal-truck-439009-a1/global/firewalls/allow-all",
            "source_ranges": [
              "0.0.0.0/0"
            ],
            "source_service_accounts": null,
            "source_tags": null,
            "target_service_accounts": null,
            "target_tags": [
              "gcp"
            ],
            "timeouts": null
          },
          "sensitive_attributes": [],
          "private": "eyJlMmJmYjczMC1lY2FhLTExZTYtOGY4OC0zNDM2M2JjN2M0YzAiOnsiY3JlYXRlIjoxMjAwMDAwMDAwMDAwLCJkZWxldGUiOjEyMDAwMDAwMDAwMDAsInVwZGF0ZSI6MTIwMDAwMDAwMDAwMH0sInNjaGVtYV92ZXJzaW9uIjoiMSJ9"
        }
      ]
    },
    {
      "mode": "managed",
      "type": "google_container_cluster",
      "name": "base",
      "provider": "provider[\"registry.terraform.io/hashicorp/google\"]",
      "instances": [
        {
          "schema_version": 2,
          "attributes": {
            "addons_config": [
              {
                "cloudrun_config": [],
                "config_connector_config": [],
                "dns_cache_config": [],
                "gce_persistent_disk_csi_driver_config": [
                  {
                    "enabled": true
                  }
                ],
                "gcp_filestore_csi_driver_config": [],
                "gcs_fuse_csi_driver_config": [],
                "gke_backup_agent_config": [],
                "horizontal_pod_autoscaling": [],
                "http_load_balancing": [],
                "network_policy_config": [
                  {
                    "disabled": true
                  }
                ],
                "parallelstore_csi_driver_config": [],
                "ray_operator_config": [],
                "stateful_ha_config": []
              }
            ],
            "allow_net_admin": null,
            "authenticator_groups_config": [],
            "binary_authorization": [
              {
                "enabled": false,
                "evaluation_mode": ""
              }
            ],
            "cluster_autoscaling": [
              {
                "auto_provisioning_defaults": [],
                "auto_provisioning_locations": [],
                "autoscaling_profile": "BALANCED",
                "enabled": false,
                "resource_limits": []
              }
            ],
            "cluster_ipv4_cidr": "10.64.0.0/14",
            "confidential_nodes": [],
            "control_plane_endpoints_config": [
              {
                "dns_endpoint_config": [
                  {
                    "allow_external_traffic": false,
                    "endpoint": "gke-02afa04a3c6d4d71b6c0c0da944abc01f52a-114394958696.asia-south1.gke.goog"
                  }
                ]
              }
            ],
            "cost_management_config": [],
            "database_encryption": [
              {
                "key_name": "",
                "state": "DECRYPTED"
              }
            ],
            "datapath_provider": "",
            "default_max_pods_per_node": 110,
            "default_snat_status": [
              {
                "disabled": false
              }
            ],
            "deletion_protection": false,
            "description": "",
            "dns_config": [],
            "effective_labels": {
              "environment": "dev",
              "goog-terraform-provisioned": "true",
              "team": "ops"
            },
            "enable_autopilot": false,
            "enable_cilium_clusterwide_network_policy": false,
            "enable_intranode_visibility": false,
            "enable_k8s_beta_apis": [],
            "enable_kubernetes_alpha": false,
            "enable_l4_ilb_subsetting": false,
            "enable_legacy_abac": false,
            "enable_multi_networking": false,
            "enable_shielded_nodes": true,
            "enable_tpu": false,
            "endpoint": "34.93.19.219",
            "enterprise_config": [
              {
                "cluster_tier": "STANDARD",
                "desired_tier": ""
              }
            ],
            "fleet": [],
            "gateway_api_config": [],
            "id": "projects/principal-truck-439009-a1/locations/asia-south1/clusters/my-gke-cluster",
            "identity_service_config": [],
            "initial_node_count": 1,
            "ip_allocation_policy": [
              {
                "additional_pod_ranges_config": [],
                "cluster_ipv4_cidr_block": "10.64.0.0/14",
                "cluster_secondary_range_name": "gke-my-gke-cluster-pods-02afa04a",
                "pod_cidr_overprovision_config": [
                  {
                    "disabled": false
                  }
                ],
                "services_ipv4_cidr_block": "34.118.224.0/20",
                "services_secondary_range_name": "",
                "stack_type": "IPV4"
              }
            ],
            "label_fingerprint": "6b118acd",
            "location": "asia-south1",
            "logging_config": [
              {
                "enable_components": [
                  "SYSTEM_COMPONENTS",
                  "WORKLOADS"
                ]
              }
            ],
            "logging_service": "logging.googleapis.com/kubernetes",
            "maintenance_policy": [],
            "master_auth": [
              {
                "client_certificate": "",
                "client_certificate_config": [
                  {
                    "issue_client_certificate": false
                  }
                ],
                "client_key": "",
                "cluster_ca_certificate": "LS0tLS1CRUdJTiBDRVJUSUZJQ0FURS0tLS0tCk1JSUVMRENDQXBTZ0F3SUJBZ0lRSFNOU0FSSUkzU09OcklHNGFVL3E1ekFOQmdrcWhraUc5dzBCQVFzRkFEQXYKTVMwd0t3WURWUVFERXlRMk5EZGhZMk14TWkwNU56ZG1MVFEzT0RZdE9HTm1NQzA0WmpReU1qYzRZVFE0TWpJdwpJQmNOTWpVd01UQXpNRGN5TlRJeVdoZ1BNakExTkRFeU1qY3dPREkxTWpKYU1DOHhMVEFyQmdOVkJBTVRKRFkwCk4yRmpZekV5TFRrM04yWXRORGM0TmkwNFkyWXdMVGhtTkRJeU56aGhORGd5TWpDQ0FhSXdEUVlKS29aSWh2Y04KQVFFQkJRQURnZ0dQQURDQ0FZb0NnZ0dCQUpxRGQyaGUwakZzRy90ZlNleEswTFQxOXl3Q0g1Z3ZyWUdYbCtiawpJbi9EdndNZWtOQ2h0Z3VvWWlPNzA1eDU3RjkvUVhMY1h5VTZpRmtTMWYxV090ZmY1SmNWMG85NWhydEd3MnZiCjBUS2N6b0NJdGlubVJRQ1ZHZzduT1d2U3lFVE9KWGVwVWVoSzJsOXpncHp2aXkzQytHRlhVZ014Q1NDNXJIL1kKaDZtell1T01sMER6SldXQUJ5OS9tU1AyMXBKVURRU0tubDdXQWl4YTlLb2NKeVJhd0Y5T3E1bkIzeGh5MFo0SwpJNlJldVlMM1o0VXRqcHR0Y0Z4cGlyckEzdFA1M01VcVpqeFRkRU9jMEVlb29OUFJnN3UyVXIvTkhKb1VzQk5iCm9YbU1KNU0xd2VqcTFUd3JIMHMzSHNCc25qQjFNZ1Z2RXdmaGxzRU40M0VYczJqSmM2dmpXbkhEczFEL1pSV1gKUCtoN1JUdmk0a1A3eitpNGZVSG5zREcyVVYrRU9YdHlkUW1tbGR4Y1UzT1ZtR3dhM0E0ZUM4MENxYkdaR0o5Qgp3TFN2RGlqRXhVZ1p2M3QrT1ZVY2ttaGx2cmltd0Vnc01ZelM4UUtxZkp2SVRDU0RCL1h3eUg5RmFLNDNaYktvClFGYmw2cHRXaEo0dnNRcHpZdi9NVERybVd3SURBUUFCbzBJd1FEQU9CZ05WSFE4QkFmOEVCQU1DQWdRd0R3WUQKVlIwVEFRSC9CQVV3QXdFQi96QWRCZ05WSFE0RUZnUVVMZmREd1hDaXF4YWdxRXdoai9UQkREQVJkcFl3RFFZSgpLb1pJaHZjTkFRRUxCUUFEZ2dHQkFESnZYcWlSVXh4blpFSW5ZZmVqZDR1Q2VNYkRSVmd2QmFUcnlCc2RjWjZ6ClR4TkJqRzZGNURFZFNRcVJ0L3pwQXJxUGt5U3E2dVVKRU9oanNJdDZoMk83QW1NVVNORmhOV1FaclU3WHRNbEkKRnhNUG9ZeTJraWF3L2hCTFFGRVFhb0RGRzVlbFN2bTFDZTFiSmtiVkQvbmRkZG10YWJBZ0xNYnpXdWt0WjVSdgpWU21YN3daRzA0a1dpTUJad2o0clF4dGFWNW9XRkNBd1kxWEJDaGFXcnE3OVR3azUvSGtyL3FPYWpIR1FxMlZiCkFkakJWSTdqSEtudmo2RWNwSlZUaDk2NVNGRERZYWZETEIyWnVrdk9TS1BPOUE5eFF5WWh5TUR4R0ppOUlQSFEKcVJTUFZld0JEYjlzUVRzZll5dFZIcmhhbGU5SzByekFUc0p4SjlDZlVEczZwQkFEZWg0ekJESHZtbkc5bE0xTQptWmFsSkNWSzgrOXhRTFBEc045dFhjdkxhSmtudGZmMXJKeDREWUJtWGN0b0QvSFRyWTJWWXhycUcrRjJqN1BzCklyWjZRcGFFb09PSmQyK2RoYjVOcXJpc0ZqNVdWU2tyREdBem5uUHJJZUd4UlNtUEpOaHlzTnRuUFIwYVN1Vk4KekRtZkplWG53UnFleWpvY3hYZGFBQT09Ci0tLS0tRU5EIENFUlRJRklDQVRFLS0tLS0K"
              }
            ],
            "master_authorized_networks_config": [],
            "master_version": "1.30.6-gke.1125000",
            "mesh_certificates": [],
            "min_master_version": null,
            "monitoring_config": [
              {
                "advanced_datapath_observability_config": [
                  {
                    "enable_metrics": false,
                    "enable_relay": false
                  }
                ],
                "enable_components": [
                  "SYSTEM_COMPONENTS",
                  "HPA",
                  "POD",
                  "DAEMONSET",
                  "DEPLOYMENT",
                  "STATEFULSET",
                  "STORAGE",
                  "CADVISOR",
                  "KUBELET"
                ],
                "managed_prometheus": [
                  {
                    "enabled": true
                  }
                ]
              }
            ],
            "monitoring_service": "monitoring.googleapis.com/kubernetes",
            "name": "my-gke-cluster",
            "network": "projects/principal-truck-439009-a1/global/networks/default",
            "network_policy": [
              {
                "enabled": false,
                "provider": "PROVIDER_UNSPECIFIED"
              }
            ],
            "networking_mode": "VPC_NATIVE",
            "node_config": [],
            "node_locations": [
              "asia-south1-a",
              "asia-south1-b",
              "asia-south1-c"
            ],
            "node_pool": [],
            "node_pool_auto_config": [],
            "node_pool_defaults": [
              {
                "node_config_defaults": [
                  {
                    "containerd_config": [],
                    "gcfs_config": [],
                    "insecure_kubelet_readonly_port_enabled": "FALSE",
                    "logging_variant": "DEFAULT"
                  }
                ]
              }
            ],
            "node_version": "1.30.6-gke.1125000",
            "notification_config": [
              {
                "pubsub": [
                  {
                    "enabled": false,
                    "filter": [],
                    "topic": ""
                  }
                ]
              }
            ],
            "operation": null,
            "private_cluster_config": [
              {
                "enable_private_endpoint": false,
                "enable_private_nodes": false,
                "master_global_access_config": [
                  {
                    "enabled": false
                  }
                ],
                "master_ipv4_cidr_block": "",
                "peering_name": "",
                "private_endpoint": "10.160.15.193",
                "private_endpoint_subnetwork": "",
                "public_endpoint": "34.93.19.219"
              }
            ],
            "private_ipv6_google_access": "",
            "project": "principal-truck-439009-a1",
            "release_channel": [
              {
                "channel": "REGULAR"
              }
            ],
            "remove_default_node_pool": true,
            "resource_labels": {
              "environment": "dev",
              "team": "ops"
            },
            "resource_usage_export_config": [],
            "secret_manager_config": [
              {
                "enabled": false
              }
            ],
            "security_posture_config": [
              {
                "mode": "BASIC",
                "vulnerability_mode": "VULNERABILITY_MODE_UNSPECIFIED"
              }
            ],
            "self_link": "https://container.googleapis.com/v1/projects/principal-truck-439009-a1/locations/asia-south1/clusters/my-gke-cluster",
            "service_external_ips_config": [
              {
                "enabled": false
              }
            ],
            "services_ipv4_cidr": "34.118.224.0/20",
            "subnetwork": "projects/principal-truck-439009-a1/regions/asia-south1/subnetworks/default",
            "terraform_labels": {
              "environment": "dev",
              "goog-terraform-provisioned": "true",
              "team": "ops"
            },
            "timeouts": null,
            "tpu_ipv4_cidr_block": "",
            "user_managed_keys_config": [],
            "vertical_pod_autoscaling": [],
            "workload_identity_config": []
          },
          "sensitive_attributes": [
            [
              {
                "type": "get_attr",
                "value": "master_auth"
              },
              {
                "type": "index",
                "value": {
                  "value": 0,
                  "type": "number"
                }
              },
              {
                "type": "get_attr",
                "value": "client_key"
              }
            ]
          ],
          "private": "eyJlMmJmYjczMC1lY2FhLTExZTYtOGY4OC0zNDM2M2JjN2M0YzAiOnsiY3JlYXRlIjoyNDAwMDAwMDAwMDAwLCJkZWxldGUiOjI0MDAwMDAwMDAwMDAsInJlYWQiOjI0MDAwMDAwMDAwMDAsInVwZGF0ZSI6MzYwMDAwMDAwMDAwMH0sInNjaGVtYV92ZXJzaW9uIjoiMiJ9"
        }
      ]
    },
    {
      "mode": "managed",
      "type": "google_container_node_pool",
      "name": "base",
      "provider": "provider[\"registry.terraform.io/hashicorp/google\"]",
      "instances": [
        {
          "schema_version": 1,
          "attributes": {
            "autoscaling": [],
            "cluster": "my-gke-cluster",
            "id": "projects/principal-truck-439009-a1/locations/asia-south1/clusters/my-gke-cluster/nodePools/my-node-pool",
            "initial_node_count": 1,
            "instance_group_urls": [
              "https://www.googleapis.com/compute/v1/projects/principal-truck-439009-a1/zones/asia-south1-a/instanceGroupManagers/gke-my-gke-cluster-my-node-pool-7e1f0699-grp",
              "https://www.googleapis.com/compute/v1/projects/principal-truck-439009-a1/zones/asia-south1-b/instanceGroupManagers/gke-my-gke-cluster-my-node-pool-e1d2a698-grp"
            ],
            "location": "asia-south1",
            "managed_instance_group_urls": [
              "https://www.googleapis.com/compute/v1/projects/principal-truck-439009-a1/zones/asia-south1-a/instanceGroups/gke-my-gke-cluster-my-node-pool-7e1f0699-grp",
              "https://www.googleapis.com/compute/v1/projects/principal-truck-439009-a1/zones/asia-south1-b/instanceGroups/gke-my-gke-cluster-my-node-pool-e1d2a698-grp"
            ],
            "management": [
              {
                "auto_repair": true,
                "auto_upgrade": true
              }
            ],
            "max_pods_per_node": 110,
            "name": "my-node-pool",
            "name_prefix": "",
            "network_config": [
              {
                "additional_node_network_configs": [],
                "additional_pod_network_configs": [],
                "create_pod_range": false,
                "enable_private_nodes": false,
                "network_performance_config": [],
                "pod_cidr_overprovision_config": [],
                "pod_ipv4_cidr_block": "10.64.0.0/14",
                "pod_range": "gke-my-gke-cluster-pods-02afa04a"
              }
            ],
            "node_config": [
              {
                "advanced_machine_features": [],
                "boot_disk_kms_key": "",
                "confidential_nodes": [],
                "containerd_config": [],
                "disk_size_gb": 100,
                "disk_type": "pd-balanced",
                "effective_taints": [],
                "enable_confidential_storage": false,
                "ephemeral_storage_local_ssd_config": [],
                "fast_socket": [],
                "gcfs_config": [],
                "guest_accelerator": [],
                "gvnic": [],
                "host_maintenance_policy": [],
                "image_type": "COS_CONTAINERD",
                "kubelet_config": [
                  {
                    "cpu_cfs_quota": false,
                    "cpu_cfs_quota_period": "",
                    "cpu_manager_policy": "",
                    "insecure_kubelet_readonly_port_enabled": "TRUE",
                    "pod_pids_limit": 0
                  }
                ],
                "labels": {
                  "environment": "dev",
                  "team": "ops"
                },
                "linux_node_config": [],
                "local_nvme_ssd_block_config": [],
                "local_ssd_count": 0,
                "local_ssd_encryption_mode": "",
                "logging_variant": "DEFAULT",
                "machine_type": "e2-medium",
                "metadata": {
                  "disable-legacy-endpoints": "true"
                },
                "min_cpu_platform": "",
                "node_group": "",
                "oauth_scopes": [
                  "https://www.googleapis.com/auth/cloud-platform"
                ],
                "preemptible": true,
                "reservation_affinity": [],
                "resource_labels": null,
                "resource_manager_tags": null,
                "secondary_boot_disks": [],
                "service_account": "practice-service-account-01@principal-truck-439009-a1.iam.gserviceaccount.com",
                "shielded_instance_config": [
                  {
                    "enable_integrity_monitoring": true,
                    "enable_secure_boot": false
                  }
                ],
                "sole_tenant_config": [],
                "spot": false,
                "storage_pools": null,
                "tags": [
                  "gcp"
                ],
                "taint": [],
                "workload_metadata_config": []
              }
            ],
            "node_count": 1,
            "node_locations": [
              "asia-south1-a",
              "asia-south1-b"
            ],
            "operation": null,
            "placement_policy": [],
            "project": "principal-truck-439009-a1",
            "queued_provisioning": [],
            "timeouts": null,
            "upgrade_settings": [
              {
                "blue_green_settings": [],
                "max_surge": 1,
                "max_unavailable": 0,
                "strategy": "SURGE"
              }
            ],
            "version": "1.30.6-gke.1125000"
          },
          "sensitive_attributes": [],
          "private": "eyJlMmJmYjczMC1lY2FhLTExZTYtOGY4OC0zNDM2M2JjN2M0YzAiOnsiY3JlYXRlIjoxODAwMDAwMDAwMDAwLCJkZWxldGUiOjE4MDAwMDAwMDAwMDAsInVwZGF0ZSI6MTgwMDAwMDAwMDAwMH0sInNjaGVtYV92ZXJzaW9uIjoiMSJ9",
          "dependencies": [
            "google_container_cluster.base",
            "google_service_account.base"
          ]
        }
      ]
    },
    {
      "mode": "managed",
      "type": "google_project_iam_member",
      "name": "service_account_roles",
      "provider": "provider[\"registry.terraform.io/hashicorp/google\"]",
      "instances": [
        {
          "schema_version": 0,
          "attributes": {
            "condition": [],
            "etag": "BwYqyQYI/lM=",
            "id": "principal-truck-439009-a1/roles/container.nodeServiceAccount/serviceAccount:practice-service-account-01@principal-truck-439009-a1.iam.gserviceaccount.com",
            "member": "serviceAccount:practice-service-account-01@principal-truck-439009-a1.iam.gserviceaccount.com",
            "project": "principal-truck-439009-a1",
            "role": "roles/container.nodeServiceAccount"
          },
          "sensitive_attributes": [],
          "private": "bnVsbA==",
          "dependencies": [
            "google_service_account.base"
          ]
        }
      ]
    },
    {
      "mode": "managed",
      "type": "google_service_account",
      "name": "base",
      "provider": "provider[\"registry.terraform.io/hashicorp/google\"]",
      "instances": [
        {
          "schema_version": 0,
          "attributes": {
            "account_id": "practice-service-account-01",
            "create_ignore_already_exists": null,
            "description": "",
            "disabled": false,
            "display_name": "Service account",
            "email": "practice-service-account-01@principal-truck-439009-a1.iam.gserviceaccount.com",
            "id": "projects/principal-truck-439009-a1/serviceAccounts/practice-service-account-01@principal-truck-439009-a1.iam.gserviceaccount.com",
            "member": "serviceAccount:practice-service-account-01@principal-truck-439009-a1.iam.gserviceaccount.com",
            "name": "projects/principal-truck-439009-a1/serviceAccounts/practice-service-account-01@principal-truck-439009-a1.iam.gserviceaccount.com",
            "project": "principal-truck-439009-a1",
            "timeouts": null,
            "unique_id": "100033694481028122774"
          },
          "sensitive_attributes": [],
          "private": "eyJlMmJmYjczMC1lY2FhLTExZTYtOGY4OC0zNDM2M2JjN2M0YzAiOnsiY3JlYXRlIjozMDAwMDAwMDAwMDB9fQ=="
        }
      ]
    }
  ],
  "check_results": [
    {
      "object_kind": "var",
      "config_addr": "var.container_cluster_info",
      "status": "pass",
      "objects": [
        {
          "object_addr": "var.container_cluster_info",
          "status": "pass"
        }
      ]
    }
  ]
}
